
Microsoft Visual Studio Solution File, Format Version 12.00
# Visual Studio 15
VisualStudioVersion = 15.0.27703.2026
MinimumVisualStudioVersion = 10.0.40219.1
Project("{FAE04EC0-301F-11D3-BF4B-00C04F79EFBC}") = "SignalRChat", "SignalRChat\SignalRChat.csproj", "{B793E98A-C839-4548-9E98-B589E4B2EEFA}"
EndProject
Global
	GlobalSection(SolutionConfigurationPlatforms) = preSolution
		Debug|Any CPU = Debug|Any CPU
		Release|Any CPU = Release|Any CPU
	EndGlobalSection
	GlobalSection(ProjectConfigurationPlatforms) = postSolution
		{B793E98A-C839-4548-9E98-B589E4B2EEFA}.Debug|Any CPU.ActiveCfg = Debug|Any CPU
		{B793E98A-C839-4548-9E98-B589E4B2EEFA}.Debug|Any CPU.Build.0 = Debug|Any CPU
		{B793E98A-C839-4548-9E98-B589E4B2EEFA}.Release|Any CPU.ActiveCfg = Release|Any CPU
		{B793E98A-C839-4548-9E98-B589E4B2EEFA}.Release|Any CPU.Build.0 = Release|Any CPU
	EndGlobalSection
	GlobalSection(SolutionProperties) = preSolution
		HideSolutionNode = FALSE
	EndGlobalSection
	GlobalSection(ExtensibilityGlobals) = postSolution
		SolutionGuid = {5EC88E7A-2690-4565-B957-EADA6236E4B9}
	EndGlobalSection
EndGlobal
